// !$*UTF8*$!
{
	archiveVersion = 1;
	classes = {
	};
	objectVersion = 56;
	objects = {

/* Begin PBXBuildFile section */
		BBDA48162C214D6E0084604A /* CustomAnnotation.swift in Sources */ = {isa = PBXBuildFile; fileRef = BBDA48152C214D6E0084604A /* CustomAnnotation.swift */; };
		BBDA481A2C2156C00084604A /* LegendView.swift in Sources */ = {isa = PBXBuildFile; fileRef = BBDA48192C2156C00084604A /* LegendView.swift */; };
		BBDFA5022C21CD38001CCE53 /* GeocodingAPIClient.swift in Sources */ = {isa = PBXBuildFile; fileRef = BBDFA5012C21CD38001CCE53 /* GeocodingAPIClient.swift */; };
		BBED5EEF2C22078400CBF7D8 /* LocationDetailView.swift in Sources */ = {isa = PBXBuildFile; fileRef = BBED5EEE2C22078400CBF7D8 /* LocationDetailView.swift */; };
		BBEEB3AE2C1D91B5005771C2 /* Assets.xcassets in Resources */ = {isa = PBXBuildFile; fileRef = BBEEB3AD2C1D91B5005771C2 /* Assets.xcassets */; };
		BBEEB3B12C1D91B5005771C2 /* Base in Resources */ = {isa = PBXBuildFile; fileRef = BBEEB3B02C1D91B5005771C2 /* Base */; };
		BBEEB3B92C1D92F0005771C2 /* SeoulCityData.swift in Sources */ = {isa = PBXBuildFile; fileRef = BBEEB3B82C1D92F0005771C2 /* SeoulCityData.swift */; };
		BBEEB3BD2C1D9354005771C2 /* APIClient.swift in Sources */ = {isa = PBXBuildFile; fileRef = BBEEB3BC2C1D9353005771C2 /* APIClient.swift */; };
		BBEEB3BF2C1D9373005771C2 /* ContentView.swift in Sources */ = {isa = PBXBuildFile; fileRef = BBEEB3BE2C1D9373005771C2 /* ContentView.swift */; };
		BBEEB3C12C1D94F9005771C2 /* MapView.swift in Sources */ = {isa = PBXBuildFile; fileRef = BBEEB3C02C1D94F9005771C2 /* MapView.swift */; };
		BBEEB3C32C1EF705005771C2 /* SeoulDensityApp.swift in Sources */ = {isa = PBXBuildFile; fileRef = BBEEB3C22C1EF705005771C2 /* SeoulDensityApp.swift */; };
		BBEEB3C52C1EF935005771C2 /* XMLParserManager.swift in Sources */ = {isa = PBXBuildFile; fileRef = BBEEB3C42C1EF935005771C2 /* XMLParserManager.swift */; };
/* End PBXBuildFile section */

/* Begin PBXFileReference section */
		BBDA48152C214D6E0084604A /* CustomAnnotation.swift */ = {isa = PBXFileReference; lastKnownFileType = sourcecode.swift; path = CustomAnnotation.swift; sourceTree = "<group>"; };
		BBDA48192C2156C00084604A /* LegendView.swift */ = {isa = PBXFileReference; lastKnownFileType = sourcecode.swift; path = LegendView.swift; sourceTree = "<group>"; };
		BBDFA5012C21CD38001CCE53 /* GeocodingAPIClient.swift */ = {isa = PBXFileReference; lastKnownFileType = sourcecode.swift; path = GeocodingAPIClient.swift; sourceTree = "<group>"; };
		BBED5EEE2C22078400CBF7D8 /* LocationDetailView.swift */ = {isa = PBXFileReference; lastKnownFileType = sourcecode.swift; path = LocationDetailView.swift; sourceTree = "<group>"; };
		BBEEB3A12C1D91B4005771C2 /* SeoulDensity.app */ = {isa = PBXFileReference; explicitFileType = wrapper.application; includeInIndex = 0; path = SeoulDensity.app; sourceTree = BUILT_PRODUCTS_DIR; };
		BBEEB3AD2C1D91B5005771C2 /* Assets.xcassets */ = {isa = PBXFileReference; lastKnownFileType = folder.assetcatalog; path = Assets.xcassets; sourceTree = "<group>"; };
		BBEEB3B02C1D91B5005771C2 /* Base */ = {isa = PBXFileReference; lastKnownFileType = file.storyboard; name = Base; path = Base.lproj/LaunchScreen.storyboard; sourceTree = "<group>"; };
		BBEEB3B22C1D91B5005771C2 /* Info.plist */ = {isa = PBXFileReference; lastKnownFileType = text.plist.xml; path = Info.plist; sourceTree = "<group>"; };
		BBEEB3B82C1D92F0005771C2 /* SeoulCityData.swift */ = {isa = PBXFileReference; lastKnownFileType = sourcecode.swift; path = SeoulCityData.swift; sourceTree = "<group>"; };
		BBEEB3BC2C1D9353005771C2 /* APIClient.swift */ = {isa = PBXFileReference; lastKnownFileType = sourcecode.swift; path = APIClient.swift; sourceTree = "<group>"; };
		BBEEB3BE2C1D9373005771C2 /* ContentView.swift */ = {isa = PBXFileReference; lastKnownFileType = sourcecode.swift; path = ContentView.swift; sourceTree = "<group>"; };
		BBEEB3C02C1D94F9005771C2 /* MapView.swift */ = {isa = PBXFileReference; lastKnownFileType = sourcecode.swift; path = MapView.swift; sourceTree = "<group>"; };
		BBEEB3C22C1EF705005771C2 /* SeoulDensityApp.swift */ = {isa = PBXFileReference; lastKnownFileType = sourcecode.swift; path = SeoulDensityApp.swift; sourceTree = "<group>"; };
		BBEEB3C42C1EF935005771C2 /* XMLParserManager.swift */ = {isa = PBXFileReference; lastKnownFileType = sourcecode.swift; path = XMLParserManager.swift; sourceTree = "<group>"; };
/* End PBXFileReference section */

/* Begin PBXFrameworksBuildPhase section */
		BBEEB39E2C1D91B4005771C2 /* Frameworks */ = {
			isa = PBXFrameworksBuildPhase;
			buildActionMask = 2147483647;
			files = (
			);
			runOnlyForDeploymentPostprocessing = 0;
		};
/* End PBXFrameworksBuildPhase section */

/* Begin PBXGroup section */
		BBEEB3982C1D91B4005771C2 = {
			isa = PBXGroup;
			children = (
				BBEEB3A32C1D91B4005771C2 /* SeoulDensity */,
				BBEEB3A22C1D91B4005771C2 /* Products */,
			);
			sourceTree = "<group>";
		};
		BBEEB3A22C1D91B4005771C2 /* Products */ = {
			isa = PBXGroup;
			children = (
				BBEEB3A12C1D91B4005771C2 /* SeoulDensity.app */,
			);
			name = Products;
			sourceTree = "<group>";
		};
		BBEEB3A32C1D91B4005771C2 /* SeoulDensity */ = {
			isa = PBXGroup;
			children = (
				BBEEB3AD2C1D91B5005771C2 /* Assets.xcassets */,
				BBEEB3AF2C1D91B5005771C2 /* LaunchScreen.storyboard */,
				BBEEB3B22C1D91B5005771C2 /* Info.plist */,
				BBEEB3B82C1D92F0005771C2 /* SeoulCityData.swift */,
				BBEEB3BC2C1D9353005771C2 /* APIClient.swift */,
				BBEEB3BE2C1D9373005771C2 /* ContentView.swift */,
				BBEEB3C02C1D94F9005771C2 /* MapView.swift */,
				BBEEB3C22C1EF705005771C2 /* SeoulDensityApp.swift */,
				BBEEB3C42C1EF935005771C2 /* XMLParserManager.swift */,
				BBDA48152C214D6E0084604A /* CustomAnnotation.swift */,
				BBDA48192C2156C00084604A /* LegendView.swift */,
				BBDFA5012C21CD38001CCE53 /* GeocodingAPIClient.swift */,
				BBED5EEE2C22078400CBF7D8 /* LocationDetailView.swift */,
			);
			path = SeoulDensity;
			sourceTree = "<group>";
		};
/* End PBXGroup section */

/* Begin PBXNativeTarget section */
		BBEEB3A02C1D91B4005771C2 /* SeoulDensity */ = {
			isa = PBXNativeTarget;
			buildConfigurationList = BBEEB3B52C1D91B5005771C2 /* Build configuration list for PBXNativeTarget "SeoulDensity" */;
			buildPhases = (
				BBEEB39D2C1D91B4005771C2 /* Sources */,
				BBEEB39E2C1D91B4005771C2 /* Frameworks */,
				BBEEB39F2C1D91B4005771C2 /* Resources */,
			);
			buildRules = (
			);
			dependencies = (
			);
			name = SeoulDensity;
			productName = SeoulDensity;
			productReference = BBEEB3A12C1D91B4005771C2 /* SeoulDensity.app */;
			productType = "com.apple.product-type.application";
		};
/* End PBXNativeTarget section */

/* Begin PBXProject section */
		BBEEB3992C1D91B4005771C2 /* Project object */ = {
			isa = PBXProject;
			attributes = {
				BuildIndependentTargetsInParallel = 1;
				LastSwiftUpdateCheck = 1530;
				LastUpgradeCheck = 1530;
				TargetAttributes = {
					BBEEB3A02C1D91B4005771C2 = {
						CreatedOnToolsVersion = 15.3;
					};
				};
			};
			buildConfigurationList = BBEEB39C2C1D91B4005771C2 /* Build configuration list for PBXProject "SeoulDensity" */;
			compatibilityVersion = "Xcode 14.0";
			developmentRegion = en;
			hasScannedForEncodings = 0;
			knownRegions = (
				en,
				Base,
			);
			mainGroup = BBEEB3982C1D91B4005771C2;
			productRefGroup = BBEEB3A22C1D91B4005771C2 /* Products */;
			projectDirPath = "";
			projectRoot = "";
			targets = (
				BBEEB3A02C1D91B4005771C2 /* SeoulDensity */,
			);
		};
/* End PBXProject section */

/* Begin PBXResourcesBuildPhase section */
		BBEEB39F2C1D91B4005771C2 /* Resources */ = {
			isa = PBXResourcesBuildPhase;
			buildActionMask = 2147483647;
			files = (
				BBEEB3AE2C1D91B5005771C2 /* Assets.xcassets in Resources */,
				BBEEB3B12C1D91B5005771C2 /* Base in Resources */,
			);
			runOnlyForDeploymentPostprocessing = 0;
		};
/* End PBXResourcesBuildPhase section */

/* Begin PBXSourcesBuildPhase section */
		BBEEB39D2C1D91B4005771C2 /* Sources */ = {
			isa = PBXSourcesBuildPhase;
			buildActionMask = 2147483647;
			files = (
				BBEEB3C12C1D94F9005771C2 /* MapView.swift in Sources */,
				BBEEB3C32C1EF705005771C2 /* SeoulDensityApp.swift in Sources */,
				BBDFA5022C21CD38001CCE53 /* GeocodingAPIClient.swift in Sources */,
				BBEEB3B92C1D92F0005771C2 /* SeoulCityData.swift in Sources */,
				BBEEB3BF2C1D9373005771C2 /* ContentView.swift in Sources */,
				BBEEB3C52C1EF935005771C2 /* XMLParserManager.swift in Sources */,
				BBDA481A2C2156C00084604A /* LegendView.swift in Sources */,
				BBEEB3BD2C1D9354005771C2 /* APIClient.swift in Sources */,
				BBED5EEF2C22078400CBF7D8 /* LocationDetailView.swift in Sources */,
				BBDA48162C214D6E0084604A /* CustomAnnotation.swift in Sources */,
			);
			runOnlyForDeploymentPostprocessing = 0;
		};
/* End PBXSourcesBuildPhase section */

/* Begin PBXVariantGroup section */
		BBEEB3AF2C1D91B5005771C2 /* LaunchScreen.storyboard */ = {
			isa = PBXVariantGroup;
			children = (
				BBEEB3B02C1D91B5005771C2 /* Base */,
			);
			name = LaunchScreen.storyboard;
			sourceTree = "<group>";
		};
/* End PBXVariantGroup section */

/* Begin XCBuildConfiguration section */
		BBEEB3B32C1D91B5005771C2 /* Debug */ = {
			isa = XCBuildConfiguration;
			buildSettings = {
				ALWAYS_SEARCH_USER_PATHS = NO;
				ASSETCATALOG_COMPILER_GENERATE_SWIFT_ASSET_SYMBOL_EXTENSIONS = YES;
				CLANG_ANALYZER_NONNULL = YES;
				CLANG_ANALYZER_NUMBER_OBJECT_CONVERSION = YES_AGGRESSIVE;
				CLANG_CXX_LANGUAGE_STANDARD = "gnu++20";
				CLANG_ENABLE_MODULES = YES;
				CLANG_ENABLE_OBJC_ARC = YES;
				CLANG_ENABLE_OBJC_WEAK = YES;
				CLANG_WARN_BLOCK_CAPTURE_AUTORELEASING = YES;
				CLANG_WARN_BOOL_CONVERSION = YES;
				CLANG_WARN_COMMA = YES;
				CLANG_WARN_CONSTANT_CONVERSION = YES;
				CLANG_WARN_DEPRECATED_OBJC_IMPLEMENTATIONS = YES;
				CLANG_WARN_DIRECT_OBJC_ISA_USAGE = YES_ERROR;
				CLANG_WARN_DOCUMENTATION_COMMENTS = YES;
				CLANG_WARN_EMPTY_BODY = YES;
				CLANG_WARN_ENUM_CONVERSION = YES;
				CLANG_WARN_INFINITE_RECURSION = YES;
				CLANG_WARN_INT_CONVERSION = YES;
				CLANG_WARN_NON_LITERAL_NULL_CONVERSION = YES;
				CLANG_WARN_OBJC_IMPLICIT_RETAIN_SELF = YES;
				CLANG_WARN_OBJC_LITERAL_CONVERSION = YES;
				CLANG_WARN_OBJC_ROOT_CLASS = YES_ERROR;
				CLANG_WARN_QUOTED_INCLUDE_IN_FRAMEWORK_HEADER = YES;
				CLANG_WARN_RANGE_LOOP_ANALYSIS = YES;
				CLANG_WARN_STRICT_PROTOTYPES = YES;
				CLANG_WARN_SUSPICIOUS_MOVE = YES;
				CLANG_WARN_UNGUARDED_AVAILABILITY = YES_AGGRESSIVE;
				CLANG_WARN_UNREACHABLE_CODE = YES;
				CLANG_WARN__DUPLICATE_METHOD_MATCH = YES;
				COPY_PHASE_STRIP = NO;
				DEBUG_INFORMATION_FORMAT = dwarf;
				ENABLE_STRICT_OBJC_MSGSEND = YES;
				ENABLE_TESTABILITY = YES;
				ENABLE_USER_SCRIPT_SANDBOXING = YES;
				GCC_C_LANGUAGE_STANDARD = gnu17;
				GCC_DYNAMIC_NO_PIC = NO;
				GCC_NO_COMMON_BLOCKS = YES;
				GCC_OPTIMIZATION_LEVEL = 0;
				GCC_PREPROCESSOR_DEFINITIONS = (
					"DEBUG=1",
					"$(inherited)",
				);
				GCC_WARN_64_TO_32_BIT_CONVERSION = YES;
				GCC_WARN_ABOUT_RETURN_TYPE = YES_ERROR;
				GCC_WARN_UNDECLARED_SELECTOR = YES;
				GCC_WARN_UNINITIALIZED_AUTOS = YES_AGGRESSIVE;
				GCC_WARN_UNUSED_FUNCTION = YES;
				GCC_WARN_UNUSED_VARIABLE = YES;
				IPHONEOS_DEPLOYMENT_TARGET = 17.4;
				LOCALIZATION_PREFERS_STRING_CATALOGS = YES;
				MTL_ENABLE_DEBUG_INFO = INCLUDE_SOURCE;
				MTL_FAST_MATH = YES;
				ONLY_ACTIVE_ARCH = YES;
				SDKROOT = iphoneos;
				SWIFT_ACTIVE_COMPILATION_CONDITIONS = "DEBUG $(inherited)";
				SWIFT_OPTIMIZATION_LEVEL = "-Onone";
			};
			name = Debug;
		};
		BBEEB3B42C1D91B5005771C2 /* Release */ = {
			isa = XCBuildConfiguration;
			buildSettings = {
				ALWAYS_SEARCH_USER_PATHS = NO;
				ASSETCATALOG_COMPILER_GENERATE_SWIFT_ASSET_SYMBOL_EXTENSIONS = YES;
				CLANG_ANALYZER_NONNULL = YES;
				CLANG_ANALYZER_NUMBER_OBJECT_CONVERSION = YES_AGGRESSIVE;
				CLANG_CXX_LANGUAGE_STANDARD = "gnu++20";
				CLANG_ENABLE_MODULES = YES;
				CLANG_ENABLE_OBJC_ARC = YES;
				CLANG_ENABLE_OBJC_WEAK = YES;
				CLANG_WARN_BLOCK_CAPTURE_AUTORELEASING = YES;
				CLANG_WARN_BOOL_CONVERSION = YES;
				CLANG_WARN_COMMA = YES;
				CLANG_WARN_CONSTANT_CONVERSION = YES;
				CLANG_WARN_DEPRECATED_OBJC_IMPLEMENTATIONS = YES;
				CLANG_WARN_DIRECT_OBJC_ISA_USAGE = YES_ERROR;
				CLANG_WARN_DOCUMENTATION_COMMENTS = YES;
				CLANG_WARN_EMPTY_BODY = YES;
				CLANG_WARN_ENUM_CONVERSION = YES;
				CLANG_WARN_INFINITE_RECURSION = YES;
				CLANG_WARN_INT_CONVERSION = YES;
				CLANG_WARN_NON_LITERAL_NULL_CONVERSION = YES;
				CLANG_WARN_OBJC_IMPLICIT_RETAIN_SELF = YES;
				CLANG_WARN_OBJC_LITERAL_CONVERSION = YES;
				CLANG_WARN_OBJC_ROOT_CLASS = YES_ERROR;
				CLANG_WARN_QUOTED_INCLUDE_IN_FRAMEWORK_HEADER = YES;
				CLANG_WARN_RANGE_LOOP_ANALYSIS = YES;
				CLANG_WARN_STRICT_PROTOTYPES = YES;
				CLANG_WARN_SUSPICIOUS_MOVE = YES;
				CLANG_WARN_UNGUARDED_AVAILABILITY = YES_AGGRESSIVE;
				CLANG_WARN_UNREACHABLE_CODE = YES;
				CLANG_WARN__DUPLICATE_METHOD_MATCH = YES;
				COPY_PHASE_STRIP = NO;
				DEBUG_INFORMATION_FORMAT = "dwarf-with-dsym";
				ENABLE_NS_ASSERTIONS = NO;
				ENABLE_STRICT_OBJC_MSGSEND = YES;
				ENABLE_USER_SCRIPT_SANDBOXING = YES;
				GCC_C_LANGUAGE_STANDARD = gnu17;
				GCC_NO_COMMON_BLOCKS = YES;
				GCC_WARN_64_TO_32_BIT_CONVERSION = YES;
				GCC_WARN_ABOUT_RETURN_TYPE = YES_ERROR;
				GCC_WARN_UNDECLARED_SELECTOR = YES;
				GCC_WARN_UNINITIALIZED_AUTOS = YES_AGGRESSIVE;
				GCC_WARN_UNUSED_FUNCTION = YES;
				GCC_WARN_UNUSED_VARIABLE = YES;
				IPHONEOS_DEPLOYMENT_TARGET = 17.4;
				LOCALIZATION_PREFERS_STRING_CATALOGS = YES;
				MTL_ENABLE_DEBUG_INFO = NO;
				MTL_FAST_MATH = YES;
				SDKROOT = iphoneos;
				SWIFT_COMPILATION_MODE = wholemodule;
				VALIDATE_PRODUCT = YES;
			};
			name = Release;
		};
		BBEEB3B62C1D91B5005771C2 /* Debug */ = {
			isa = XCBuildConfiguration;
			buildSettings = {
				ASSETCATALOG_COMPILER_APPICON_NAME = AppIcon;
				ASSETCATALOG_COMPILER_GLOBAL_ACCENT_COLOR_NAME = AccentColor;
				CODE_SIGN_STYLE = Automatic;
				CURRENT_PROJECT_VERSION = 1;
				DEVELOPMENT_TEAM = Q2JWC7KH48;
				GENERATE_INFOPLIST_FILE = YES;
				INFOPLIST_FILE = SeoulDensity/Info.plist;
				INFOPLIST_KEY_UIApplicationSupportsIndirectInputEvents = YES;
				INFOPLIST_KEY_UILaunchStoryboardName = LaunchScreen;
				INFOPLIST_KEY_UIRequiredDeviceCapabilities = armv7;
				INFOPLIST_KEY_UIStatusBarStyle = "";
				INFOPLIST_KEY_UISupportedInterfaceOrientations = UIInterfaceOrientationPortrait;
				INFOPLIST_KEY_UISupportedInterfaceOrientations_iPad = "UIInterfaceOrientationPortrait UIInterfaceOrientationPortraitUpsideDown UIInterfaceOrientationLandscapeLeft UIInterfaceOrientationLandscapeRight";
				INFOPLIST_KEY_UISupportedInterfaceOrientations_iPhone = "UIInterfaceOrientationPortrait UIInterfaceOrientationLandscapeLeft UIInterfaceOrientationLandscapeRight";
				LD_RUNPATH_SEARCH_PATHS = (
					"$(inherited)",
					"@executable_path/Frameworks",
				);
				MARKETING_VERSION = 1.0;
				PRODUCT_BUNDLE_IDENTIFIER = "wr08143-gmail.com.SeoulDensity";
				PRODUCT_NAME = "$(TARGET_NAME)";
				SWIFT_EMIT_LOC_STRINGS = YES;
				SWIFT_VERSION = 5.0;
				TARGETED_DEVICE_FAMILY = "1,2";
			};
			name = Debug;
		};
		BBEEB3B72C1D91B5005771C2 /* Release */ = {
			isa = XCBuildConfiguration;
			buildSettings = {
				ASSETCATALOG_COMPILER_APPICON_NAME = AppIcon;
				ASSETCATALOG_COMPILER_GLOBAL_ACCENT_COLOR_NAME = AccentColor;
				CODE_SIGN_STYLE = Automatic;
				CURRENT_PROJECT_VERSION = 1;
				DEVELOPMENT_TEAM = Q2JWC7KH48;
				GENERATE_INFOPLIST_FILE = YES;
				INFOPLIST_FILE = SeoulDensity/Info.plist;
				INFOPLIST_KEY_UIApplicationSupportsIndirectInputEvents = YES;
				INFOPLIST_KEY_UILaunchStoryboardName = LaunchScreen;
				INFOPLIST_KEY_UIRequiredDeviceCapabilities = armv7;
				INFOPLIST_KEY_UIStatusBarStyle = "";
				INFOPLIST_KEY_UISupportedInterfaceOrientations = UIInterfaceOrientationPortrait;
				INFOPLIST_KEY_UISupportedInterfaceOrientations_iPad = "UIInterfaceOrientationPortrait UIInterfaceOrientationPortraitUpsideDown UIInterfaceOrientationLandscapeLeft UIInterfaceOrientationLandscapeRight";
				INFOPLIST_KEY_UISupportedInterfaceOrientations_iPhone = "UIInterfaceOrientationPortrait UIInterfaceOrientationLandscapeLeft UIInterfaceOrientationLandscapeRight";
				LD_RUNPATH_SEARCH_PATHS = (
					"$(inherited)",
					"@executable_path/Frameworks",
				);
				MARKETING_VERSION = 1.0;
				PRODUCT_BUNDLE_IDENTIFIER = "wr08143-gmail.com.SeoulDensity";
				PRODUCT_NAME = "$(TARGET_NAME)";
				SWIFT_EMIT_LOC_STRINGS = YES;
				SWIFT_VERSION = 5.0;
				TARGETED_DEVICE_FAMILY = "1,2";
			};
			name = Release;
		};
/* End XCBuildConfiguration section */

/* Begin XCConfigurationList section */
		BBEEB39C2C1D91B4005771C2 /* Build configuration list for PBXProject "SeoulDensity" */ = {
			isa = XCConfigurationList;
			buildConfigurations = (
				BBEEB3B32C1D91B5005771C2 /* Debug */,
				BBEEB3B42C1D91B5005771C2 /* Release */,
			);
			defaultConfigurationIsVisible = 0;
			defaultConfigurationName = Release;
		};
		BBEEB3B52C1D91B5005771C2 /* Build configuration list for PBXNativeTarget "SeoulDensity" */ = {
			isa = XCConfigurationList;
			buildConfigurations = (
				BBEEB3B62C1D91B5005771C2 /* Debug */,
				BBEEB3B72C1D91B5005771C2 /* Release */,
			);
			defaultConfigurationIsVisible = 0;
			defaultConfigurationName = Release;
		};
/* End XCConfigurationList section */
	};
	rootObject = BBEEB3992C1D91B4005771C2 /* Project object */;
}
